// !$*UTF8*$!
{
	archiveVersion = 1;
	classes = {
	};
	objectVersion = 55;
	objects = {

/* Begin PBXBuildFile section */
		E07AFFB52842FA9A00C964F5 /* SettingsViewController.swift in Sources */ = {isa = PBXBuildFile; fileRef = E07AFFB42842FA9A00C964F5 /* SettingsViewController.swift */; };
		E07AFFB82842FC7300C964F5 /* SettingsTableViewCell.swift in Sources */ = {isa = PBXBuildFile; fileRef = E07AFFB72842FC7300C964F5 /* SettingsTableViewCell.swift */; };
		E08A5ABD2842FF3100798454 /* Main.storyboard in Resources */ = {isa = PBXBuildFile; fileRef = E08A5ABB2842FF3100798454 /* Main.storyboard */; };
		E08A5ABE2842FF3100798454 /* LaunchScreen.storyboard in Resources */ = {isa = PBXBuildFile; fileRef = E08A5ABC2842FF3100798454 /* LaunchScreen.storyboard */; };
		E0D5A8FC2841A9C8002854A7 /* AppDelegate.swift in Sources */ = {isa = PBXBuildFile; fileRef = E0D5A8FB2841A9C8002854A7 /* AppDelegate.swift */; };
		E0D5A8FE2841A9C8002854A7 /* SceneDelegate.swift in Sources */ = {isa = PBXBuildFile; fileRef = E0D5A8FD2841A9C8002854A7 /* SceneDelegate.swift */; };
		E0D5A9002841A9C8002854A7 /* HomeViewController.swift in Sources */ = {isa = PBXBuildFile; fileRef = E0D5A8FF2841A9C8002854A7 /* HomeViewController.swift */; };
		E0D5A9052841A9C9002854A7 /* Assets.xcassets in Resources */ = {isa = PBXBuildFile; fileRef = E0D5A9042841A9C9002854A7 /* Assets.xcassets */; };
		E0D5A9122841AA07002854A7 /* Key.swift in Sources */ = {isa = PBXBuildFile; fileRef = E0D5A9112841AA07002854A7 /* Key.swift */; };
		E0D5A9142841AA39002854A7 /* APICaller.swift in Sources */ = {isa = PBXBuildFile; fileRef = E0D5A9132841AA39002854A7 /* APICaller.swift */; };
		E0D5A9212841CC7D002854A7 /* LocationModel.swift in Sources */ = {isa = PBXBuildFile; fileRef = E0D5A9202841CC7D002854A7 /* LocationModel.swift */; };
		E0D5A92328429D86002854A7 /* CityWeatherModel.swift in Sources */ = {isa = PBXBuildFile; fileRef = E0D5A92228429D86002854A7 /* CityWeatherModel.swift */; };
/* End PBXBuildFile section */

/* Begin PBXFileReference section */
		E07AFFB42842FA9A00C964F5 /* SettingsViewController.swift */ = {isa = PBXFileReference; lastKnownFileType = sourcecode.swift; path = SettingsViewController.swift; sourceTree = "<group>"; };
		E07AFFB72842FC7300C964F5 /* SettingsTableViewCell.swift */ = {isa = PBXFileReference; lastKnownFileType = sourcecode.swift; path = SettingsTableViewCell.swift; sourceTree = "<group>"; };
		E08A5ABB2842FF3100798454 /* Main.storyboard */ = {isa = PBXFileReference; fileEncoding = 4; lastKnownFileType = file.storyboard; path = Main.storyboard; sourceTree = "<group>"; };
		E08A5ABC2842FF3100798454 /* LaunchScreen.storyboard */ = {isa = PBXFileReference; fileEncoding = 4; lastKnownFileType = file.storyboard; path = LaunchScreen.storyboard; sourceTree = "<group>"; };
		E0D5A8F82841A9C8002854A7 /* simpleWeather.app */ = {isa = PBXFileReference; explicitFileType = wrapper.application; includeInIndex = 0; path = simpleWeather.app; sourceTree = BUILT_PRODUCTS_DIR; };
		E0D5A8FB2841A9C8002854A7 /* AppDelegate.swift */ = {isa = PBXFileReference; lastKnownFileType = sourcecode.swift; path = AppDelegate.swift; sourceTree = "<group>"; };
		E0D5A8FD2841A9C8002854A7 /* SceneDelegate.swift */ = {isa = PBXFileReference; lastKnownFileType = sourcecode.swift; path = SceneDelegate.swift; sourceTree = "<group>"; };
		E0D5A8FF2841A9C8002854A7 /* HomeViewController.swift */ = {isa = PBXFileReference; lastKnownFileType = sourcecode.swift; path = HomeViewController.swift; sourceTree = "<group>"; };
		E0D5A9042841A9C9002854A7 /* Assets.xcassets */ = {isa = PBXFileReference; lastKnownFileType = folder.assetcatalog; path = Assets.xcassets; sourceTree = "<group>"; };
		E0D5A9092841A9C9002854A7 /* Info.plist */ = {isa = PBXFileReference; lastKnownFileType = text.plist.xml; path = Info.plist; sourceTree = "<group>"; };
		E0D5A9112841AA07002854A7 /* Key.swift */ = {isa = PBXFileReference; lastKnownFileType = sourcecode.swift; path = Key.swift; sourceTree = "<group>"; };
		E0D5A9132841AA39002854A7 /* APICaller.swift */ = {isa = PBXFileReference; lastKnownFileType = sourcecode.swift; path = APICaller.swift; sourceTree = "<group>"; };
		E0D5A9202841CC7D002854A7 /* LocationModel.swift */ = {isa = PBXFileReference; lastKnownFileType = sourcecode.swift; path = LocationModel.swift; sourceTree = "<group>"; };
		E0D5A92228429D86002854A7 /* CityWeatherModel.swift */ = {isa = PBXFileReference; lastKnownFileType = sourcecode.swift; path = CityWeatherModel.swift; sourceTree = "<group>"; };
/* End PBXFileReference section */

/* Begin PBXFrameworksBuildPhase section */
		E0D5A8F52841A9C8002854A7 /* Frameworks */ = {
			isa = PBXFrameworksBuildPhase;
			buildActionMask = 2147483647;
			files = (
			);
			runOnlyForDeploymentPostprocessing = 0;
		};
/* End PBXFrameworksBuildPhase section */

/* Begin PBXGroup section */
		E07AFFB92842FC7C00C964F5 /* TableViewCells */ = {
			isa = PBXGroup;
			children = (
				E07AFFB72842FC7300C964F5 /* SettingsTableViewCell.swift */,
			);
			path = TableViewCells;
			sourceTree = "<group>";
		};
		E0D5A8EF2841A9C8002854A7 = {
			isa = PBXGroup;
			children = (
				E0D5A8FA2841A9C8002854A7 /* simpleWeather */,
				E0D5A8F92841A9C8002854A7 /* Products */,
			);
			sourceTree = "<group>";
		};
		E0D5A8F92841A9C8002854A7 /* Products */ = {
			isa = PBXGroup;
			children = (
				E0D5A8F82841A9C8002854A7 /* simpleWeather.app */,
			);
			name = Products;
			sourceTree = "<group>";
		};
		E0D5A8FA2841A9C8002854A7 /* simpleWeather */ = {
			isa = PBXGroup;
			children = (
				E0D5A9092841A9C9002854A7 /* Info.plist */,
				E0D5A91F2841CC6A002854A7 /* Models */,
				E0D5A9102841A9F4002854A7 /* API */,
				E0D5A9172841BBC2002854A7 /* Delegates */,
				E0D5A90F2841A9DA002854A7 /* ViewControllers */,
				E0D5A9182841BBDB002854A7 /* Storyboards & Assets */,
				E07AFFB92842FC7C00C964F5 /* TableViewCells */,
			);
			path = simpleWeather;
			sourceTree = "<group>";
		};
		E0D5A90F2841A9DA002854A7 /* ViewControllers */ = {
			isa = PBXGroup;
			children = (
				E0D5A8FF2841A9C8002854A7 /* HomeViewController.swift */,
				E07AFFB42842FA9A00C964F5 /* SettingsViewController.swift */,
			);
			path = ViewControllers;
			sourceTree = "<group>";
		};
		E0D5A9102841A9F4002854A7 /* API */ = {
			isa = PBXGroup;
			children = (
				E0D5A9112841AA07002854A7 /* Key.swift */,
				E0D5A9132841AA39002854A7 /* APICaller.swift */,
			);
			path = API;
			sourceTree = "<group>";
		};
		E0D5A9172841BBC2002854A7 /* Delegates */ = {
			isa = PBXGroup;
			children = (
				E0D5A8FB2841A9C8002854A7 /* AppDelegate.swift */,
				E0D5A8FD2841A9C8002854A7 /* SceneDelegate.swift */,
			);
			path = Delegates;
			sourceTree = "<group>";
		};
		E0D5A9182841BBDB002854A7 /* Storyboards & Assets */ = {
			isa = PBXGroup;
			children = (
				E08A5ABB2842FF3100798454 /* Main.storyboard */,
				E08A5ABC2842FF3100798454 /* LaunchScreen.storyboard */,
				E0D5A9042841A9C9002854A7 /* Assets.xcassets */,
			);
			path = "Storyboards & Assets";
			sourceTree = "<group>";
		};
		E0D5A91F2841CC6A002854A7 /* Models */ = {
			isa = PBXGroup;
			children = (
				E0D5A9202841CC7D002854A7 /* LocationModel.swift */,
				E0D5A92228429D86002854A7 /* CityWeatherModel.swift */,
			);
			path = Models;
			sourceTree = "<group>";
		};
/* End PBXGroup section */

/* Begin PBXNativeTarget section */
		E0D5A8F72841A9C8002854A7 /* simpleWeather */ = {
			isa = PBXNativeTarget;
			buildConfigurationList = E0D5A90C2841A9C9002854A7 /* Build configuration list for PBXNativeTarget "simpleWeather" */;
			buildPhases = (
				E0D5A8F42841A9C8002854A7 /* Sources */,
				E0D5A8F52841A9C8002854A7 /* Frameworks */,
				E0D5A8F62841A9C8002854A7 /* Resources */,
			);
			buildRules = (
			);
			dependencies = (
			);
			name = simpleWeather;
			productName = simpleWeather;
			productReference = E0D5A8F82841A9C8002854A7 /* simpleWeather.app */;
			productType = "com.apple.product-type.application";
		};
/* End PBXNativeTarget section */

/* Begin PBXProject section */
		E0D5A8F02841A9C8002854A7 /* Project object */ = {
			isa = PBXProject;
			attributes = {
				BuildIndependentTargetsInParallel = 1;
				LastSwiftUpdateCheck = 1340;
				LastUpgradeCheck = 1340;
				TargetAttributes = {
					E0D5A8F72841A9C8002854A7 = {
						CreatedOnToolsVersion = 13.4;
					};
				};
			};
			buildConfigurationList = E0D5A8F32841A9C8002854A7 /* Build configuration list for PBXProject "simpleWeather" */;
			compatibilityVersion = "Xcode 13.0";
			developmentRegion = en;
			hasScannedForEncodings = 0;
			knownRegions = (
				en,
				Base,
			);
			mainGroup = E0D5A8EF2841A9C8002854A7;
			productRefGroup = E0D5A8F92841A9C8002854A7 /* Products */;
			projectDirPath = "";
			projectRoot = "";
			targets = (
				E0D5A8F72841A9C8002854A7 /* simpleWeather */,
			);
		};
/* End PBXProject section */

/* Begin PBXResourcesBuildPhase section */
		E0D5A8F62841A9C8002854A7 /* Resources */ = {
			isa = PBXResourcesBuildPhase;
			buildActionMask = 2147483647;
			files = (
				E08A5ABE2842FF3100798454 /* LaunchScreen.storyboard in Resources */,
				E0D5A9052841A9C9002854A7 /* Assets.xcassets in Resources */,
				E08A5ABD2842FF3100798454 /* Main.storyboard in Resources */,
			);
			runOnlyForDeploymentPostprocessing = 0;
		};
/* End PBXResourcesBuildPhase section */

/* Begin PBXSourcesBuildPhase section */
		E0D5A8F42841A9C8002854A7 /* Sources */ = {
			isa = PBXSourcesBuildPhase;
			buildActionMask = 2147483647;
			files = (
				E0D5A9002841A9C8002854A7 /* HomeViewController.swift in Sources */,
				E0D5A92328429D86002854A7 /* CityWeatherModel.swift in Sources */,
				E07AFFB82842FC7300C964F5 /* SettingsTableViewCell.swift in Sources */,
				E0D5A9122841AA07002854A7 /* Key.swift in Sources */,
				E0D5A8FC2841A9C8002854A7 /* AppDelegate.swift in Sources */,
				E0D5A9142841AA39002854A7 /* APICaller.swift in Sources */,
				E0D5A9212841CC7D002854A7 /* LocationModel.swift in Sources */,
				E0D5A8FE2841A9C8002854A7 /* SceneDelegate.swift in Sources */,
				E07AFFB52842FA9A00C964F5 /* SettingsViewController.swift in Sources */,
			);
			runOnlyForDeploymentPostprocessing = 0;
		};
/* End PBXSourcesBuildPhase section */

/* Begin XCBuildConfiguration section */
		E0D5A90A2841A9C9002854A7 /* Debug */ = {
			isa = XCBuildConfiguration;
			buildSettings = {
				ALWAYS_SEARCH_USER_PATHS = NO;
				CLANG_ANALYZER_NONNULL = YES;
				CLANG_ANALYZER_NUMBER_OBJECT_CONVERSION = YES_AGGRESSIVE;
				CLANG_CXX_LANGUAGE_STANDARD = "gnu++17";
				CLANG_ENABLE_MODULES = YES;
				CLANG_ENABLE_OBJC_ARC = YES;
				CLANG_ENABLE_OBJC_WEAK = YES;
				CLANG_WARN_BLOCK_CAPTURE_AUTORELEASING = YES;
				CLANG_WARN_BOOL_CONVERSION = YES;
				CLANG_WARN_COMMA = YES;
				CLANG_WARN_CONSTANT_CONVERSION = YES;
				CLANG_WARN_DEPRECATED_OBJC_IMPLEMENTATIONS = YES;
				CLANG_WARN_DIRECT_OBJC_ISA_USAGE = YES_ERROR;
				CLANG_WARN_DOCUMENTATION_COMMENTS = YES;
				CLANG_WARN_EMPTY_BODY = YES;
				CLANG_WARN_ENUM_CONVERSION = YES;
				CLANG_WARN_INFINITE_RECURSION = YES;
				CLANG_WARN_INT_CONVERSION = YES;
				CLANG_WARN_NON_LITERAL_NULL_CONVERSION = YES;
				CLANG_WARN_OBJC_IMPLICIT_RETAIN_SELF = YES;
				CLANG_WARN_OBJC_LITERAL_CONVERSION = YES;
				CLANG_WARN_OBJC_ROOT_CLASS = YES_ERROR;
				CLANG_WARN_QUOTED_INCLUDE_IN_FRAMEWORK_HEADER = YES;
				CLANG_WARN_RANGE_LOOP_ANALYSIS = YES;
				CLANG_WARN_STRICT_PROTOTYPES = YES;
				CLANG_WARN_SUSPICIOUS_MOVE = YES;
				CLANG_WARN_UNGUARDED_AVAILABILITY = YES_AGGRESSIVE;
				CLANG_WARN_UNREACHABLE_CODE = YES;
				CLANG_WARN__DUPLICATE_METHOD_MATCH = YES;
				COPY_PHASE_STRIP = NO;
				DEBUG_INFORMATION_FORMAT = dwarf;
				ENABLE_STRICT_OBJC_MSGSEND = YES;
				ENABLE_TESTABILITY = YES;
				GCC_C_LANGUAGE_STANDARD = gnu11;
				GCC_DYNAMIC_NO_PIC = NO;
				GCC_NO_COMMON_BLOCKS = YES;
				GCC_OPTIMIZATION_LEVEL = 0;
				GCC_PREPROCESSOR_DEFINITIONS = (
					"DEBUG=1",
					"$(inherited)",
				);
				GCC_WARN_64_TO_32_BIT_CONVERSION = YES;
				GCC_WARN_ABOUT_RETURN_TYPE = YES_ERROR;
				GCC_WARN_UNDECLARED_SELECTOR = YES;
				GCC_WARN_UNINITIALIZED_AUTOS = YES_AGGRESSIVE;
				GCC_WARN_UNUSED_FUNCTION = YES;
				GCC_WARN_UNUSED_VARIABLE = YES;
				IPHONEOS_DEPLOYMENT_TARGET = 15.5;
				MTL_ENABLE_DEBUG_INFO = INCLUDE_SOURCE;
				MTL_FAST_MATH = YES;
				ONLY_ACTIVE_ARCH = YES;
				SDKROOT = iphoneos;
				SWIFT_ACTIVE_COMPILATION_CONDITIONS = DEBUG;
				SWIFT_OPTIMIZATION_LEVEL = "-Onone";
			};
			name = Debug;
		};
		E0D5A90B2841A9C9002854A7 /* Release */ = {
			isa = XCBuildConfiguration;
			buildSettings = {
				ALWAYS_SEARCH_USER_PATHS = NO;
				CLANG_ANALYZER_NONNULL = YES;
				CLANG_ANALYZER_NUMBER_OBJECT_CONVERSION = YES_AGGRESSIVE;
				CLANG_CXX_LANGUAGE_STANDARD = "gnu++17";
				CLANG_ENABLE_MODULES = YES;
				CLANG_ENABLE_OBJC_ARC = YES;
				CLANG_ENABLE_OBJC_WEAK = YES;
				CLANG_WARN_BLOCK_CAPTURE_AUTORELEASING = YES;
				CLANG_WARN_BOOL_CONVERSION = YES;
				CLANG_WARN_COMMA = YES;
				CLANG_WARN_CONSTANT_CONVERSION = YES;
				CLANG_WARN_DEPRECATED_OBJC_IMPLEMENTATIONS = YES;
				CLANG_WARN_DIRECT_OBJC_ISA_USAGE = YES_ERROR;
				CLANG_WARN_DOCUMENTATION_COMMENTS = YES;
				CLANG_WARN_EMPTY_BODY = YES;
				CLANG_WARN_ENUM_CONVERSION = YES;
				CLANG_WARN_INFINITE_RECURSION = YES;
				CLANG_WARN_INT_CONVERSION = YES;
				CLANG_WARN_NON_LITERAL_NULL_CONVERSION = YES;
				CLANG_WARN_OBJC_IMPLICIT_RETAIN_SELF = YES;
				CLANG_WARN_OBJC_LITERAL_CONVERSION = YES;
				CLANG_WARN_OBJC_ROOT_CLASS = YES_ERROR;
				CLANG_WARN_QUOTED_INCLUDE_IN_FRAMEWORK_HEADER = YES;
				CLANG_WARN_RANGE_LOOP_ANALYSIS = YES;
				CLANG_WARN_STRICT_PROTOTYPES = YES;
				CLANG_WARN_SUSPICIOUS_MOVE = YES;
				CLANG_WARN_UNGUARDED_AVAILABILITY = YES_AGGRESSIVE;
				CLANG_WARN_UNREACHABLE_CODE = YES;
				CLANG_WARN__DUPLICATE_METHOD_MATCH = YES;
				COPY_PHASE_STRIP = NO;
				DEBUG_INFORMATION_FORMAT = "dwarf-with-dsym";
				ENABLE_NS_ASSERTIONS = NO;
				ENABLE_STRICT_OBJC_MSGSEND = YES;
				GCC_C_LANGUAGE_STANDARD = gnu11;
				GCC_NO_COMMON_BLOCKS = YES;
				GCC_WARN_64_TO_32_BIT_CONVERSION = YES;
				GCC_WARN_ABOUT_RETURN_TYPE = YES_ERROR;
				GCC_WARN_UNDECLARED_SELECTOR = YES;
				GCC_WARN_UNINITIALIZED_AUTOS = YES_AGGRESSIVE;
				GCC_WARN_UNUSED_FUNCTION = YES;
				GCC_WARN_UNUSED_VARIABLE = YES;
				IPHONEOS_DEPLOYMENT_TARGET = 15.5;
				MTL_ENABLE_DEBUG_INFO = NO;
				MTL_FAST_MATH = YES;
				SDKROOT = iphoneos;
				SWIFT_COMPILATION_MODE = wholemodule;
				SWIFT_OPTIMIZATION_LEVEL = "-O";
				VALIDATE_PRODUCT = YES;
			};
			name = Release;
		};
		E0D5A90D2841A9C9002854A7 /* Debug */ = {
			isa = XCBuildConfiguration;
			buildSettings = {
				ASSETCATALOG_COMPILER_APPICON_NAME = AppIcon;
				ASSETCATALOG_COMPILER_GLOBAL_ACCENT_COLOR_NAME = AccentColor;
				CODE_SIGN_STYLE = Automatic;
				CURRENT_PROJECT_VERSION = 1;
				DEVELOPMENT_TEAM = JGPF6BL2WJ;
				GENERATE_INFOPLIST_FILE = YES;
				INFOPLIST_FILE = simpleWeather/Info.plist;
				INFOPLIST_KEY_UIApplicationSupportsIndirectInputEvents = YES;
				INFOPLIST_KEY_UILaunchStoryboardName = LaunchScreen;
				INFOPLIST_KEY_UIMainStoryboardFile = Main;
				INFOPLIST_KEY_UISupportedInterfaceOrientations_iPad = "UIInterfaceOrientationPortrait UIInterfaceOrientationPortraitUpsideDown UIInterfaceOrientationLandscapeLeft UIInterfaceOrientationLandscapeRight";
				INFOPLIST_KEY_UISupportedInterfaceOrientations_iPhone = "UIInterfaceOrientationPortrait UIInterfaceOrientationLandscapeLeft UIInterfaceOrientationLandscapeRight";
				LD_RUNPATH_SEARCH_PATHS = (
					"$(inherited)",
					"@executable_path/Frameworks",
				);
				MARKETING_VERSION = 1.0;
				PRODUCT_BUNDLE_IDENTIFIER = com.griffindavidson.simpleWeather;
				PRODUCT_NAME = "$(TARGET_NAME)";
				SWIFT_EMIT_LOC_STRINGS = YES;
				SWIFT_VERSION = 5.0;
				TARGETED_DEVICE_FAMILY = "1,2";
			};
			name = Debug;
		};
		E0D5A90E2841A9C9002854A7 /* Release */ = {
			isa = XCBuildConfiguration;
			buildSettings = {
				ASSETCATALOG_COMPILER_APPICON_NAME = AppIcon;
				ASSETCATALOG_COMPILER_GLOBAL_ACCENT_COLOR_NAME = AccentColor;
				CODE_SIGN_STYLE = Automatic;
				CURRENT_PROJECT_VERSION = 1;
				DEVELOPMENT_TEAM = JGPF6BL2WJ;
				GENERATE_INFOPLIST_FILE = YES;
				INFOPLIST_FILE = simpleWeather/Info.plist;
				INFOPLIST_KEY_UIApplicationSupportsIndirectInputEvents = YES;
				INFOPLIST_KEY_UILaunchStoryboardName = LaunchScreen;
				INFOPLIST_KEY_UIMainStoryboardFile = Main;
				INFOPLIST_KEY_UISupportedInterfaceOrientations_iPad = "UIInterfaceOrientationPortrait UIInterfaceOrientationPortraitUpsideDown UIInterfaceOrientationLandscapeLeft UIInterfaceOrientationLandscapeRight";
				INFOPLIST_KEY_UISupportedInterfaceOrientations_iPhone = "UIInterfaceOrientationPortrait UIInterfaceOrientationLandscapeLeft UIInterfaceOrientationLandscapeRight";
				LD_RUNPATH_SEARCH_PATHS = (
					"$(inherited)",
					"@executable_path/Frameworks",
				);
				MARKETING_VERSION = 1.0;
				PRODUCT_BUNDLE_IDENTIFIER = com.griffindavidson.simpleWeather;
				PRODUCT_NAME = "$(TARGET_NAME)";
				SWIFT_EMIT_LOC_STRINGS = YES;
				SWIFT_VERSION = 5.0;
				TARGETED_DEVICE_FAMILY = "1,2";
			};
			name = Release;
		};
/* End XCBuildConfiguration section */

/* Begin XCConfigurationList section */
		E0D5A8F32841A9C8002854A7 /* Build configuration list for PBXProject "simpleWeather" */ = {
			isa = XCConfigurationList;
			buildConfigurations = (
				E0D5A90A2841A9C9002854A7 /* Debug */,
				E0D5A90B2841A9C9002854A7 /* Release */,
			);
			defaultConfigurationIsVisible = 0;
			defaultConfigurationName = Release;
		};
		E0D5A90C2841A9C9002854A7 /* Build configuration list for PBXNativeTarget "simpleWeather" */ = {
			isa = XCConfigurationList;
			buildConfigurations = (
				E0D5A90D2841A9C9002854A7 /* Debug */,
				E0D5A90E2841A9C9002854A7 /* Release */,
			);
			defaultConfigurationIsVisible = 0;
			defaultConfigurationName = Release;
		};
/* End XCConfigurationList section */
	};
	rootObject = E0D5A8F02841A9C8002854A7 /* Project object */;
}
